
Microsoft Visual Studio Solution File, Format Version 12.00
# Visual Studio 15
VisualStudioVersion = 15.0.27703.2035
MinimumVisualStudioVersion = 10.0.40219.1
Project("{8BC9CEB8-8B4A-11D0-8D11-00A0C91BC942}") = "plusEngineSample", "plusEngineSample\plusEngineSample.vcxproj", "{A6F90647-8B5A-4048-B0D8-227484A566BA}"
EndProject
Global
	GlobalSection(SolutionConfigurationPlatforms) = preSolution
		Debug|x64 = Debug|x64
		Debug|x86 = Debug|x86
		Release|x64 = Release|x64
		Release|x86 = Release|x86
	EndGlobalSection
	GlobalSection(ProjectConfigurationPlatforms) = postSolution
		{A6F90647-8B5A-4048-B0D8-227484A566BA}.Debug|x64.ActiveCfg = Debug|x64
		{A6F90647-8B5A-4048-B0D8-227484A566BA}.Debug|x64.Build.0 = Debug|x64
		{A6F90647-8B5A-4048-B0D8-227484A566BA}.Debug|x86.ActiveCfg = Debug|Win32
		{A6F90647-8B5A-4048-B0D8-227484A566BA}.Debug|x86.Build.0 = Debug|Win32
		{A6F90647-8B5A-4048-B0D8-227484A566BA}.Release|x64.ActiveCfg = Release|x64
		{A6F90647-8B5A-4048-B0D8-227484A566BA}.Release|x64.Build.0 = Release|x64
		{A6F90647-8B5A-4048-B0D8-227484A566BA}.Release|x86.ActiveCfg = Release|Win32
		{A6F90647-8B5A-4048-B0D8-227484A566BA}.Release|x86.Build.0 = Release|Win32
	EndGlobalSection
	GlobalSection(SolutionProperties) = preSolution
		HideSolutionNode = FALSE
	EndGlobalSection
	GlobalSection(ExtensibilityGlobals) = postSolution
		SolutionGuid = {DBB5340C-8381-4057-8561-A0C53AEBDB2D}
	EndGlobalSection
EndGlobal
